// !$*UTF8*$!
{
	archiveVersion = 1;
	classes = {
	};
	objectVersion = 46;
	objects = {

/* Begin PBXBuildFile section */
		F111DFE918D8F071001D69D2 /* render_main.cpp in Sources */ = {isa = PBXBuildFile; fileRef = F111DFCB18D8F071001D69D2 /* render_main.cpp */; };
		F111DFEA18D8F071001D69D2 /* algebra.cpp in Sources */ = {isa = PBXBuildFile; fileRef = F111DFCD18D8F071001D69D2 /* algebra.cpp */; };
		F111DFEB18D8F071001D69D2 /* image.cpp in Sources */ = {isa = PBXBuildFile; fileRef = F111DFCF18D8F071001D69D2 /* image.cpp */; };
		F111DFEC18D8F071001D69D2 /* light.cpp in Sources */ = {isa = PBXBuildFile; fileRef = F111DFD218D8F071001D69D2 /* light.cpp */; };
		F111DFED18D8F071001D69D2 /* main.cpp in Sources */ = {isa = PBXBuildFile; fileRef = F111DFD518D8F071001D69D2 /* main.cpp */; };
		F111DFEF18D8F071001D69D2 /* material.cpp in Sources */ = {isa = PBXBuildFile; fileRef = F111DFD718D8F071001D69D2 /* material.cpp */; };
		F111DFF118D8F071001D69D2 /* polyroots.cpp in Sources */ = {isa = PBXBuildFile; fileRef = F111DFDC18D8F071001D69D2 /* polyroots.cpp */; };
		F111DFF218D8F071001D69D2 /* primitive.cpp in Sources */ = {isa = PBXBuildFile; fileRef = F111DFDE18D8F071001D69D2 /* primitive.cpp */; };
		F111DFF318D8F071001D69D2 /* renderer.cpp in Sources */ = {isa = PBXBuildFile; fileRef = F111DFE018D8F071001D69D2 /* renderer.cpp */; };
		F111DFF418D8F071001D69D2 /* scene_lua.cpp in Sources */ = {isa = PBXBuildFile; fileRef = F111DFE318D8F071001D69D2 /* scene_lua.cpp */; };
		F111DFF518D8F071001D69D2 /* scene.cpp in Sources */ = {isa = PBXBuildFile; fileRef = F111DFE518D8F071001D69D2 /* scene.cpp */; };
		F111DFF618D8F071001D69D2 /* transform.cpp in Sources */ = {isa = PBXBuildFile; fileRef = F111DFE718D8F071001D69D2 /* transform.cpp */; };
		F111DFF918D8F107001D69D2 /* liblua.a in Frameworks */ = {isa = PBXBuildFile; fileRef = F111DFF718D8F107001D69D2 /* liblua.a */; };
		F111DFFA18D8F107001D69D2 /* libpng12.a in Frameworks */ = {isa = PBXBuildFile; fileRef = F111DFF818D8F107001D69D2 /* libpng12.a */; };
		F111DFFC18D8F401001D69D2 /* sample.lua in CopyFiles */ = {isa = PBXBuildFile; fileRef = F111DFE218D8F071001D69D2 /* sample.lua */; };
		F16775A018E7903800C716B8 /* formulas.cpp in Sources */ = {isa = PBXBuildFile; fileRef = F167759E18E7903800C716B8 /* formulas.cpp */; };
		F172F6F518DB815600280883 /* shape2d.cpp in Sources */ = {isa = PBXBuildFile; fileRef = F172F6F318DB815600280883 /* shape2d.cpp */; };
		F18D1BE118DF6E6E007ED6FD /* camera.cpp in Sources */ = {isa = PBXBuildFile; fileRef = F18D1BDF18DF6E6E007ED6FD /* camera.cpp */; };
		F1F6D19718D8FEA4006878AE /* photon_map.cpp in Sources */ = {isa = PBXBuildFile; fileRef = F1F6D19518D8FEA4006878AE /* photon_map.cpp */; };
/* End PBXBuildFile section */

/* Begin PBXCopyFilesBuildPhase section */
		F109F1BF18D8EDC800201A84 /* CopyFiles */ = {
			isa = PBXCopyFilesBuildPhase;
			buildActionMask = 12;
			dstPath = "";
			dstSubfolderSpec = 16;
			files = (
				F111DFFC18D8F401001D69D2 /* sample.lua in CopyFiles */,
			);
			runOnlyForDeploymentPostprocessing = 0;
		};
/* End PBXCopyFilesBuildPhase section */

/* Begin PBXFileReference section */
		F109F1C118D8EDC800201A84 /* cs488-proj */ = {isa = PBXFileReference; explicitFileType = "compiled.mach-o.executable"; includeInIndex = 0; path = "cs488-proj"; sourceTree = BUILT_PRODUCTS_DIR; };
		F111DFCB18D8F071001D69D2 /* render_main.cpp */ = {isa = PBXFileReference; fileEncoding = 4; lastKnownFileType = sourcecode.cpp.cpp; path = render_main.cpp; sourceTree = "<group>"; };
		F111DFCC18D8F071001D69D2 /* render_main.hpp */ = {isa = PBXFileReference; fileEncoding = 4; lastKnownFileType = sourcecode.cpp.h; path = render_main.hpp; sourceTree = "<group>"; };
		F111DFCD18D8F071001D69D2 /* algebra.cpp */ = {isa = PBXFileReference; fileEncoding = 4; lastKnownFileType = sourcecode.cpp.cpp; path = algebra.cpp; sourceTree = "<group>"; };
		F111DFCE18D8F071001D69D2 /* algebra.hpp */ = {isa = PBXFileReference; fileEncoding = 4; lastKnownFileType = sourcecode.cpp.h; path = algebra.hpp; sourceTree = "<group>"; };
		F111DFCF18D8F071001D69D2 /* image.cpp */ = {isa = PBXFileReference; fileEncoding = 4; lastKnownFileType = sourcecode.cpp.cpp; path = image.cpp; sourceTree = "<group>"; };
		F111DFD018D8F071001D69D2 /* image.hpp */ = {isa = PBXFileReference; fileEncoding = 4; lastKnownFileType = sourcecode.cpp.h; path = image.hpp; sourceTree = "<group>"; };
		F111DFD218D8F071001D69D2 /* light.cpp */ = {isa = PBXFileReference; fileEncoding = 4; lastKnownFileType = sourcecode.cpp.cpp; path = light.cpp; sourceTree = "<group>"; };
		F111DFD318D8F071001D69D2 /* light.hpp */ = {isa = PBXFileReference; fileEncoding = 4; lastKnownFileType = sourcecode.cpp.h; path = light.hpp; sourceTree = "<group>"; };
		F111DFD418D8F071001D69D2 /* lua488.hpp */ = {isa = PBXFileReference; fileEncoding = 4; lastKnownFileType = sourcecode.cpp.h; path = lua488.hpp; sourceTree = "<group>"; };
		F111DFD518D8F071001D69D2 /* main.cpp */ = {isa = PBXFileReference; fileEncoding = 4; lastKnownFileType = sourcecode.cpp.cpp; path = main.cpp; sourceTree = "<group>"; };
		F111DFD718D8F071001D69D2 /* material.cpp */ = {isa = PBXFileReference; fileEncoding = 4; lastKnownFileType = sourcecode.cpp.cpp; path = material.cpp; sourceTree = "<group>"; };
		F111DFD818D8F071001D69D2 /* material.hpp */ = {isa = PBXFileReference; fileEncoding = 4; lastKnownFileType = sourcecode.cpp.h; path = material.hpp; sourceTree = "<group>"; };
		F111DFD918D8F071001D69D2 /* mesh.hpp */ = {isa = PBXFileReference; fileEncoding = 4; lastKnownFileType = sourcecode.cpp.h; path = mesh.hpp; sourceTree = "<group>"; };
		F111DFDC18D8F071001D69D2 /* polyroots.cpp */ = {isa = PBXFileReference; fileEncoding = 4; lastKnownFileType = sourcecode.cpp.cpp; path = polyroots.cpp; sourceTree = "<group>"; };
		F111DFDD18D8F071001D69D2 /* polyroots.hpp */ = {isa = PBXFileReference; fileEncoding = 4; lastKnownFileType = sourcecode.cpp.h; path = polyroots.hpp; sourceTree = "<group>"; };
		F111DFDE18D8F071001D69D2 /* primitive.cpp */ = {isa = PBXFileReference; fileEncoding = 4; lastKnownFileType = sourcecode.cpp.cpp; path = primitive.cpp; sourceTree = "<group>"; };
		F111DFDF18D8F071001D69D2 /* primitive.hpp */ = {isa = PBXFileReference; fileEncoding = 4; lastKnownFileType = sourcecode.cpp.h; path = primitive.hpp; sourceTree = "<group>"; };
		F111DFE018D8F071001D69D2 /* renderer.cpp */ = {isa = PBXFileReference; fileEncoding = 4; lastKnownFileType = sourcecode.cpp.cpp; path = renderer.cpp; sourceTree = "<group>"; };
		F111DFE118D8F071001D69D2 /* renderer.hpp */ = {isa = PBXFileReference; fileEncoding = 4; lastKnownFileType = sourcecode.cpp.h; path = renderer.hpp; sourceTree = "<group>"; };
		F111DFE218D8F071001D69D2 /* sample.lua */ = {isa = PBXFileReference; fileEncoding = 4; lastKnownFileType = text; path = sample.lua; sourceTree = "<group>"; };
		F111DFE318D8F071001D69D2 /* scene_lua.cpp */ = {isa = PBXFileReference; fileEncoding = 4; lastKnownFileType = sourcecode.cpp.cpp; path = scene_lua.cpp; sourceTree = "<group>"; };
		F111DFE418D8F071001D69D2 /* scene_lua.hpp */ = {isa = PBXFileReference; fileEncoding = 4; lastKnownFileType = sourcecode.cpp.h; path = scene_lua.hpp; sourceTree = "<group>"; };
		F111DFE518D8F071001D69D2 /* scene.cpp */ = {isa = PBXFileReference; fileEncoding = 4; lastKnownFileType = sourcecode.cpp.cpp; path = scene.cpp; sourceTree = "<group>"; };
		F111DFE618D8F071001D69D2 /* scene.hpp */ = {isa = PBXFileReference; fileEncoding = 4; lastKnownFileType = sourcecode.cpp.h; path = scene.hpp; sourceTree = "<group>"; };
		F111DFE718D8F071001D69D2 /* transform.cpp */ = {isa = PBXFileReference; fileEncoding = 4; lastKnownFileType = sourcecode.cpp.cpp; path = transform.cpp; sourceTree = "<group>"; };
		F111DFE818D8F071001D69D2 /* transform.hpp */ = {isa = PBXFileReference; fileEncoding = 4; lastKnownFileType = sourcecode.cpp.h; path = transform.hpp; sourceTree = "<group>"; };
		F111DFF718D8F107001D69D2 /* liblua.a */ = {isa = PBXFileReference; lastKnownFileType = archive.ar; name = liblua.a; path = ../../../../../usr/local/lib/liblua.a; sourceTree = "<group>"; };
		F111DFF818D8F107001D69D2 /* libpng12.a */ = {isa = PBXFileReference; lastKnownFileType = archive.ar; name = libpng12.a; path = ../../../../../usr/local/lib/libpng12.a; sourceTree = "<group>"; };
		F1484D0D18E0C88500ECDB7B /* intersection_point.hpp */ = {isa = PBXFileReference; fileEncoding = 4; lastKnownFileType = sourcecode.cpp.h; path = intersection_point.hpp; sourceTree = "<group>"; };
		F167759E18E7903800C716B8 /* formulas.cpp */ = {isa = PBXFileReference; fileEncoding = 4; lastKnownFileType = sourcecode.cpp.cpp; path = formulas.cpp; sourceTree = "<group>"; };
		F167759F18E7903800C716B8 /* formulas.hpp */ = {isa = PBXFileReference; fileEncoding = 4; lastKnownFileType = sourcecode.cpp.h; path = formulas.hpp; sourceTree = "<group>"; };
		F172F6F318DB815600280883 /* shape2d.cpp */ = {isa = PBXFileReference; fileEncoding = 4; lastKnownFileType = sourcecode.cpp.cpp; path = shape2d.cpp; sourceTree = "<group>"; };
		F172F6F418DB815600280883 /* shape2d.hpp */ = {isa = PBXFileReference; fileEncoding = 4; lastKnownFileType = sourcecode.cpp.h; path = shape2d.hpp; sourceTree = "<group>"; };
		F18D1BDF18DF6E6E007ED6FD /* camera.cpp */ = {isa = PBXFileReference; fileEncoding = 4; lastKnownFileType = sourcecode.cpp.cpp; path = camera.cpp; sourceTree = "<group>"; };
		F18D1BE018DF6E6E007ED6FD /* camera.hpp */ = {isa = PBXFileReference; fileEncoding = 4; lastKnownFileType = sourcecode.cpp.h; path = camera.hpp; sourceTree = "<group>"; };
		F1C30C9E18D916280033D4B2 /* scene.lua */ = {isa = PBXFileReference; lastKnownFileType = text; name = scene.lua; path = "../../../../Library/Developer/Xcode/DerivedData/cs488-proj-dzmlmavzolkufifyciayonasmrid/Build/Products/Debug/scene.lua"; sourceTree = "<group>"; };
		F1F6D19518D8FEA4006878AE /* photon_map.cpp */ = {isa = PBXFileReference; fileEncoding = 4; lastKnownFileType = sourcecode.cpp.cpp; path = photon_map.cpp; sourceTree = "<group>"; };
		F1F6D19618D8FEA4006878AE /* photon_map.hpp */ = {isa = PBXFileReference; fileEncoding = 4; lastKnownFileType = sourcecode.cpp.h; path = photon_map.hpp; sourceTree = "<group>"; };
/* End PBXFileReference section */

/* Begin PBXFrameworksBuildPhase section */
		F109F1BE18D8EDC800201A84 /* Frameworks */ = {
			isa = PBXFrameworksBuildPhase;
			buildActionMask = 2147483647;
			files = (
				F111DFF918D8F107001D69D2 /* liblua.a in Frameworks */,
				F111DFFA18D8F107001D69D2 /* libpng12.a in Frameworks */,
			);
			runOnlyForDeploymentPostprocessing = 0;
		};
/* End PBXFrameworksBuildPhase section */

/* Begin PBXGroup section */
		F109F1B818D8EDC800201A84 = {
			isa = PBXGroup;
			children = (
				F111DFF718D8F107001D69D2 /* liblua.a */,
				F111DFF818D8F107001D69D2 /* libpng12.a */,
				F109F1C318D8EDC800201A84 /* cs488-proj */,
				F109F1C218D8EDC800201A84 /* Products */,
			);
			sourceTree = "<group>";
		};
		F109F1C218D8EDC800201A84 /* Products */ = {
			isa = PBXGroup;
			children = (
				F109F1C118D8EDC800201A84 /* cs488-proj */,
			);
			name = Products;
			sourceTree = "<group>";
		};
		F109F1C318D8EDC800201A84 /* cs488-proj */ = {
			isa = PBXGroup;
			children = (
				F1C30C9E18D916280033D4B2 /* scene.lua */,
				F111DFCB18D8F071001D69D2 /* render_main.cpp */,
				F111DFCC18D8F071001D69D2 /* render_main.hpp */,
				F111DFCD18D8F071001D69D2 /* algebra.cpp */,
				F111DFCE18D8F071001D69D2 /* algebra.hpp */,
				F111DFCF18D8F071001D69D2 /* image.cpp */,
				F111DFD018D8F071001D69D2 /* image.hpp */,
				F1484D0D18E0C88500ECDB7B /* intersection_point.hpp */,
				F111DFD218D8F071001D69D2 /* light.cpp */,
				F111DFD318D8F071001D69D2 /* light.hpp */,
				F111DFD418D8F071001D69D2 /* lua488.hpp */,
				F111DFD518D8F071001D69D2 /* main.cpp */,
				F167759E18E7903800C716B8 /* formulas.cpp */,
				F167759F18E7903800C716B8 /* formulas.hpp */,
				F111DFD718D8F071001D69D2 /* material.cpp */,
				F111DFD818D8F071001D69D2 /* material.hpp */,
				F111DFD918D8F071001D69D2 /* mesh.hpp */,
				F172F6F318DB815600280883 /* shape2d.cpp */,
				F172F6F418DB815600280883 /* shape2d.hpp */,
				F111DFDC18D8F071001D69D2 /* polyroots.cpp */,
				F111DFDD18D8F071001D69D2 /* polyroots.hpp */,
				F111DFDE18D8F071001D69D2 /* primitive.cpp */,
				F111DFDF18D8F071001D69D2 /* primitive.hpp */,
				F18D1BDF18DF6E6E007ED6FD /* camera.cpp */,
				F18D1BE018DF6E6E007ED6FD /* camera.hpp */,
				F111DFE018D8F071001D69D2 /* renderer.cpp */,
				F111DFE118D8F071001D69D2 /* renderer.hpp */,
				F111DFE218D8F071001D69D2 /* sample.lua */,
				F111DFE318D8F071001D69D2 /* scene_lua.cpp */,
				F111DFE418D8F071001D69D2 /* scene_lua.hpp */,
				F111DFE518D8F071001D69D2 /* scene.cpp */,
				F111DFE618D8F071001D69D2 /* scene.hpp */,
				F111DFE718D8F071001D69D2 /* transform.cpp */,
				F111DFE818D8F071001D69D2 /* transform.hpp */,
				F1F6D19518D8FEA4006878AE /* photon_map.cpp */,
				F1F6D19618D8FEA4006878AE /* photon_map.hpp */,
			);
			path = "cs488-proj";
			sourceTree = "<group>";
		};
/* End PBXGroup section */

/* Begin PBXNativeTarget section */
		F109F1C018D8EDC800201A84 /* cs488-proj */ = {
			isa = PBXNativeTarget;
			buildConfigurationList = F109F1CA18D8EDC800201A84 /* Build configuration list for PBXNativeTarget "cs488-proj" */;
			buildPhases = (
				F109F1BD18D8EDC800201A84 /* Sources */,
				F109F1BE18D8EDC800201A84 /* Frameworks */,
				F109F1BF18D8EDC800201A84 /* CopyFiles */,
			);
			buildRules = (
			);
			dependencies = (
			);
			name = "cs488-proj";
			productName = "cs488-proj";
			productReference = F109F1C118D8EDC800201A84 /* cs488-proj */;
			productType = "com.apple.product-type.tool";
		};
/* End PBXNativeTarget section */

/* Begin PBXProject section */
		F109F1B918D8EDC800201A84 /* Project object */ = {
			isa = PBXProject;
			attributes = {
				LastUpgradeCheck = 0510;
				ORGANIZATIONNAME = "Xuefei Li";
			};
			buildConfigurationList = F109F1BC18D8EDC800201A84 /* Build configuration list for PBXProject "cs488-proj" */;
			compatibilityVersion = "Xcode 3.2";
			developmentRegion = English;
			hasScannedForEncodings = 0;
			knownRegions = (
				en,
			);
			mainGroup = F109F1B818D8EDC800201A84;
			productRefGroup = F109F1C218D8EDC800201A84 /* Products */;
			projectDirPath = "";
			projectRoot = "";
			targets = (
				F109F1C018D8EDC800201A84 /* cs488-proj */,
			);
		};
/* End PBXProject section */

/* Begin PBXSourcesBuildPhase section */
		F109F1BD18D8EDC800201A84 /* Sources */ = {
			isa = PBXSourcesBuildPhase;
			buildActionMask = 2147483647;
			files = (
				F111DFF418D8F071001D69D2 /* scene_lua.cpp in Sources */,
				F111DFEA18D8F071001D69D2 /* algebra.cpp in Sources */,
				F1F6D19718D8FEA4006878AE /* photon_map.cpp in Sources */,
				F172F6F518DB815600280883 /* shape2d.cpp in Sources */,
				F18D1BE118DF6E6E007ED6FD /* camera.cpp in Sources */,
				F111DFF118D8F071001D69D2 /* polyroots.cpp in Sources */,
				F16775A018E7903800C716B8 /* formulas.cpp in Sources */,
				F111DFF318D8F071001D69D2 /* renderer.cpp in Sources */,
				F111DFEF18D8F071001D69D2 /* material.cpp in Sources */,
				F111DFE918D8F071001D69D2 /* render_main.cpp in Sources */,
				F111DFF518D8F071001D69D2 /* scene.cpp in Sources */,
				F111DFF618D8F071001D69D2 /* transform.cpp in Sources */,
				F111DFF218D8F071001D69D2 /* primitive.cpp in Sources */,
				F111DFEC18D8F071001D69D2 /* light.cpp in Sources */,
				F111DFED18D8F071001D69D2 /* main.cpp in Sources */,
				F111DFEB18D8F071001D69D2 /* image.cpp in Sources */,
			);
			runOnlyForDeploymentPostprocessing = 0;
		};
/* End PBXSourcesBuildPhase section */

/* Begin XCBuildConfiguration section */
		F109F1C818D8EDC800201A84 /* Debug */ = {
			isa = XCBuildConfiguration;
			buildSettings = {
				ALWAYS_SEARCH_USER_PATHS = NO;
				CLANG_CXX_LANGUAGE_STANDARD = "gnu++0x";
				CLANG_CXX_LIBRARY = "libc++";
				CLANG_ENABLE_MODULES = YES;
				CLANG_ENABLE_OBJC_ARC = YES;
				CLANG_WARN_BOOL_CONVERSION = YES;
				CLANG_WARN_CONSTANT_CONVERSION = YES;
				CLANG_WARN_DIRECT_OBJC_ISA_USAGE = YES_ERROR;
				CLANG_WARN_EMPTY_BODY = YES;
				CLANG_WARN_ENUM_CONVERSION = YES;
				CLANG_WARN_INT_CONVERSION = YES;
				CLANG_WARN_OBJC_ROOT_CLASS = YES_ERROR;
				CLANG_WARN__DUPLICATE_METHOD_MATCH = YES;
				COPY_PHASE_STRIP = NO;
				GCC_C_LANGUAGE_STANDARD = gnu99;
				GCC_DYNAMIC_NO_PIC = NO;
				GCC_ENABLE_OBJC_EXCEPTIONS = YES;
				GCC_OPTIMIZATION_LEVEL = 0;
				GCC_PREPROCESSOR_DEFINITIONS = (
					"DEBUG=1",
					"$(inherited)",
				);
				GCC_SYMBOLS_PRIVATE_EXTERN = NO;
				GCC_WARN_64_TO_32_BIT_CONVERSION = YES;
				GCC_WARN_ABOUT_RETURN_TYPE = YES_ERROR;
				GCC_WARN_UNDECLARED_SELECTOR = YES;
				GCC_WARN_UNINITIALIZED_AUTOS = YES_AGGRESSIVE;
				GCC_WARN_UNUSED_FUNCTION = YES;
				GCC_WARN_UNUSED_VARIABLE = YES;
				MACOSX_DEPLOYMENT_TARGET = 10.9;
				ONLY_ACTIVE_ARCH = YES;
				SDKROOT = macosx;
			};
			name = Debug;
		};
		F109F1C918D8EDC800201A84 /* Release */ = {
			isa = XCBuildConfiguration;
			buildSettings = {
				ALWAYS_SEARCH_USER_PATHS = NO;
				CLANG_CXX_LANGUAGE_STANDARD = "gnu++0x";
				CLANG_CXX_LIBRARY = "libc++";
				CLANG_ENABLE_MODULES = YES;
				CLANG_ENABLE_OBJC_ARC = YES;
				CLANG_WARN_BOOL_CONVERSION = YES;
				CLANG_WARN_CONSTANT_CONVERSION = YES;
				CLANG_WARN_DIRECT_OBJC_ISA_USAGE = YES_ERROR;
				CLANG_WARN_EMPTY_BODY = YES;
				CLANG_WARN_ENUM_CONVERSION = YES;
				CLANG_WARN_INT_CONVERSION = YES;
				CLANG_WARN_OBJC_ROOT_CLASS = YES_ERROR;
				CLANG_WARN__DUPLICATE_METHOD_MATCH = YES;
				COPY_PHASE_STRIP = YES;
				DEBUG_INFORMATION_FORMAT = "dwarf-with-dsym";
				ENABLE_NS_ASSERTIONS = NO;
				GCC_C_LANGUAGE_STANDARD = gnu99;
				GCC_ENABLE_OBJC_EXCEPTIONS = YES;
				GCC_WARN_64_TO_32_BIT_CONVERSION = YES;
				GCC_WARN_ABOUT_RETURN_TYPE = YES_ERROR;
				GCC_WARN_UNDECLARED_SELECTOR = YES;
				GCC_WARN_UNINITIALIZED_AUTOS = YES_AGGRESSIVE;
				GCC_WARN_UNUSED_FUNCTION = YES;
				GCC_WARN_UNUSED_VARIABLE = YES;
				MACOSX_DEPLOYMENT_TARGET = 10.9;
				SDKROOT = macosx;
			};
			name = Release;
		};
		F109F1CB18D8EDC800201A84 /* Debug */ = {
			isa = XCBuildConfiguration;
			buildSettings = {
				HEADER_SEARCH_PATHS = (
					"$(inherited)",
					/Applications/Xcode.app/Contents/Developer/Toolchains/XcodeDefault.xctoolchain/usr/include,
					/usr/local/include,
				);
				LIBRARY_SEARCH_PATHS = /usr/local/lib;
				PRODUCT_NAME = "$(TARGET_NAME)";
			};
			name = Debug;
		};
		F109F1CC18D8EDC800201A84 /* Release */ = {
			isa = XCBuildConfiguration;
			buildSettings = {
				HEADER_SEARCH_PATHS = (
					"$(inherited)",
					/Applications/Xcode.app/Contents/Developer/Toolchains/XcodeDefault.xctoolchain/usr/include,
					/usr/local/include,
				);
				LIBRARY_SEARCH_PATHS = /usr/local/lib;
				PRODUCT_NAME = "$(TARGET_NAME)";
			};
			name = Release;
		};
/* End XCBuildConfiguration section */

/* Begin XCConfigurationList section */
		F109F1BC18D8EDC800201A84 /* Build configuration list for PBXProject "cs488-proj" */ = {
			isa = XCConfigurationList;
			buildConfigurations = (
				F109F1C818D8EDC800201A84 /* Debug */,
				F109F1C918D8EDC800201A84 /* Release */,
			);
			defaultConfigurationIsVisible = 0;
			defaultConfigurationName = Release;
		};
		F109F1CA18D8EDC800201A84 /* Build configuration list for PBXNativeTarget "cs488-proj" */ = {
			isa = XCConfigurationList;
			buildConfigurations = (
				F109F1CB18D8EDC800201A84 /* Debug */,
				F109F1CC18D8EDC800201A84 /* Release */,
			);
			defaultConfigurationIsVisible = 0;
			defaultConfigurationName = Release;
		};
/* End XCConfigurationList section */
	};
	rootObject = F109F1B918D8EDC800201A84 /* Project object */;
}
